
Microsoft Visual Studio Solution File, Format Version 11.00
# Visual Studio 2010
Project("{FAE04EC0-301F-11D3-BF4B-00C04F79EFBC}") = "MvcDemoApp", "MvcDemoApp\MvcDemoApp.csproj", "{C5553F0F-A3C4-4339-81DC-ED6AC4A511B4}"
EndProject
Project("{FAE04EC0-301F-11D3-BF4B-00C04F79EFBC}") = "MvcDemoApp.Tests", "MvcDemoApp.Tests\MvcDemoApp.Tests.csproj", "{52EAA618-70BF-4482-A26C-EECFAB288108}"
EndProject
Global
	GlobalSection(SolutionConfigurationPlatforms) = preSolution
		Debug|Any CPU = Debug|Any CPU
		Release|Any CPU = Release|Any CPU
	EndGlobalSection
	GlobalSection(ProjectConfigurationPlatforms) = postSolution
		{C5553F0F-A3C4-4339-81DC-ED6AC4A511B4}.Debug|Any CPU.ActiveCfg = Debug|Any CPU
		{C5553F0F-A3C4-4339-81DC-ED6AC4A511B4}.Debug|Any CPU.Build.0 = Debug|Any CPU
		{C5553F0F-A3C4-4339-81DC-ED6AC4A511B4}.Release|Any CPU.ActiveCfg = Release|Any CPU
		{C5553F0F-A3C4-4339-81DC-ED6AC4A511B4}.Release|Any CPU.Build.0 = Release|Any CPU
		{52EAA618-70BF-4482-A26C-EECFAB288108}.Debug|Any CPU.ActiveCfg = Debug|Any CPU
		{52EAA618-70BF-4482-A26C-EECFAB288108}.Debug|Any CPU.Build.0 = Debug|Any CPU
		{52EAA618-70BF-4482-A26C-EECFAB288108}.Release|Any CPU.ActiveCfg = Release|Any CPU
		{52EAA618-70BF-4482-A26C-EECFAB288108}.Release|Any CPU.Build.0 = Release|Any CPU
	EndGlobalSection
	GlobalSection(SolutionProperties) = preSolution
		HideSolutionNode = FALSE
	EndGlobalSection
EndGlobal
